// !$*UTF8*$!
{
	archiveVersion = 1;
	classes = {
	};
	objectVersion = 50;
	objects = {

/* Begin PBXBuildFile section */
		F061F6D9247BF7EF00C65616 /* UserRepository.swift in Sources */ = {isa = PBXBuildFile; fileRef = F061F6D8247BF7EF00C65616 /* UserRepository.swift */; };
		F061F6DB247BFA2A00C65616 /* UserRepositories.json in Resources */ = {isa = PBXBuildFile; fileRef = F061F6DA247BFA2A00C65616 /* UserRepositories.json */; };
		F061F6DD247C018700C65616 /* RepositoryTableCellView.swift in Sources */ = {isa = PBXBuildFile; fileRef = F061F6DC247C018700C65616 /* RepositoryTableCellView.swift */; };
		F061F6DF247C072A00C65616 /* RepositoryCell.swift in Sources */ = {isa = PBXBuildFile; fileRef = F061F6DE247C072A00C65616 /* RepositoryCell.swift */; };
		F07840F0247ABBF700D46509 /* UIView+Ext.swift in Sources */ = {isa = PBXBuildFile; fileRef = F07840EF247ABBF700D46509 /* UIView+Ext.swift */; };
		F07840F3247ADD8D00D46509 /* UserSearchTableCellView.swift in Sources */ = {isa = PBXBuildFile; fileRef = F07840F2247ADD8D00D46509 /* UserSearchTableCellView.swift */; };
		F07840F5247AEDDB00D46509 /* UserCell.swift in Sources */ = {isa = PBXBuildFile; fileRef = F07840F4247AEDDB00D46509 /* UserCell.swift */; };
		F07840FA247B04F900D46509 /* NetworkProtocol.swift in Sources */ = {isa = PBXBuildFile; fileRef = F07840F9247B04F900D46509 /* NetworkProtocol.swift */; };
		F07840FC247B05EB00D46509 /* NetworkEngine.swift in Sources */ = {isa = PBXBuildFile; fileRef = F07840FB247B05EB00D46509 /* NetworkEngine.swift */; };
		F07840FE247B062100D46509 /* NetworkManager.swift in Sources */ = {isa = PBXBuildFile; fileRef = F07840FD247B062100D46509 /* NetworkManager.swift */; };
		F0784100247B42B200D46509 /* UserDetailsView.swift in Sources */ = {isa = PBXBuildFile; fileRef = F07840FF247B42B200D46509 /* UserDetailsView.swift */; };
		F0784102247B431E00D46509 /* UserDetailsViewModel.swift in Sources */ = {isa = PBXBuildFile; fileRef = F0784101247B431E00D46509 /* UserDetailsViewModel.swift */; };
		F08F18CB24786397005AA11A /* AppDelegate.swift in Sources */ = {isa = PBXBuildFile; fileRef = F08F18CA24786397005AA11A /* AppDelegate.swift */; };
		F08F18D424786399005AA11A /* Assets.xcassets in Resources */ = {isa = PBXBuildFile; fileRef = F08F18D324786399005AA11A /* Assets.xcassets */; };
		F08F18D724786399005AA11A /* LaunchScreen.storyboard in Resources */ = {isa = PBXBuildFile; fileRef = F08F18D524786399005AA11A /* LaunchScreen.storyboard */; };
		F0FFCD4E2479A41B00FB8ECF /* UsersResponse.swift in Sources */ = {isa = PBXBuildFile; fileRef = F0FFCD4D2479A41B00FB8ECF /* UsersResponse.swift */; };
		F0FFCD502479AD1800FB8ECF /* User.swift in Sources */ = {isa = PBXBuildFile; fileRef = F0FFCD4F2479AD1800FB8ECF /* User.swift */; };
		F0FFCD522479AD2600FB8ECF /* UserDetails.swift in Sources */ = {isa = PBXBuildFile; fileRef = F0FFCD512479AD2600FB8ECF /* UserDetails.swift */; };
		F0FFCD542479AF0C00FB8ECF /* UsersResponse.json in Resources */ = {isa = PBXBuildFile; fileRef = F0FFCD532479AF0C00FB8ECF /* UsersResponse.json */; };
		F0FFCD562479AF1200FB8ECF /* UserDetails.json in Resources */ = {isa = PBXBuildFile; fileRef = F0FFCD552479AF1200FB8ECF /* UserDetails.json */; };
		F0FFCD592479B0B800FB8ECF /* JSONUtil.swift in Sources */ = {isa = PBXBuildFile; fileRef = F0FFCD582479B0B800FB8ECF /* JSONUtil.swift */; };
		F0FFCD5B2479C36A00FB8ECF /* UserSearchView.swift in Sources */ = {isa = PBXBuildFile; fileRef = F0FFCD5A2479C36A00FB8ECF /* UserSearchView.swift */; };
		F0FFCD5D2479C95F00FB8ECF /* UserSearchViewModel.swift in Sources */ = {isa = PBXBuildFile; fileRef = F0FFCD5C2479C95F00FB8ECF /* UserSearchViewModel.swift */; };
/* End PBXBuildFile section */

/* Begin PBXFileReference section */
		F061F6D8247BF7EF00C65616 /* UserRepository.swift */ = {isa = PBXFileReference; lastKnownFileType = sourcecode.swift; path = UserRepository.swift; sourceTree = "<group>"; };
		F061F6DA247BFA2A00C65616 /* UserRepositories.json */ = {isa = PBXFileReference; fileEncoding = 4; lastKnownFileType = text.json; path = UserRepositories.json; sourceTree = "<group>"; };
		F061F6DC247C018700C65616 /* RepositoryTableCellView.swift */ = {isa = PBXFileReference; lastKnownFileType = sourcecode.swift; path = RepositoryTableCellView.swift; sourceTree = "<group>"; };
		F061F6DE247C072A00C65616 /* RepositoryCell.swift */ = {isa = PBXFileReference; lastKnownFileType = sourcecode.swift; path = RepositoryCell.swift; sourceTree = "<group>"; };
		F07840EF247ABBF700D46509 /* UIView+Ext.swift */ = {isa = PBXFileReference; lastKnownFileType = sourcecode.swift; path = "UIView+Ext.swift"; sourceTree = "<group>"; };
		F07840F2247ADD8D00D46509 /* UserSearchTableCellView.swift */ = {isa = PBXFileReference; lastKnownFileType = sourcecode.swift; path = UserSearchTableCellView.swift; sourceTree = "<group>"; };
		F07840F4247AEDDB00D46509 /* UserCell.swift */ = {isa = PBXFileReference; lastKnownFileType = sourcecode.swift; path = UserCell.swift; sourceTree = "<group>"; };
		F07840F9247B04F900D46509 /* NetworkProtocol.swift */ = {isa = PBXFileReference; lastKnownFileType = sourcecode.swift; path = NetworkProtocol.swift; sourceTree = "<group>"; };
		F07840FB247B05EB00D46509 /* NetworkEngine.swift */ = {isa = PBXFileReference; lastKnownFileType = sourcecode.swift; path = NetworkEngine.swift; sourceTree = "<group>"; };
		F07840FD247B062100D46509 /* NetworkManager.swift */ = {isa = PBXFileReference; lastKnownFileType = sourcecode.swift; path = NetworkManager.swift; sourceTree = "<group>"; };
		F07840FF247B42B200D46509 /* UserDetailsView.swift */ = {isa = PBXFileReference; lastKnownFileType = sourcecode.swift; path = UserDetailsView.swift; sourceTree = "<group>"; };
		F0784101247B431E00D46509 /* UserDetailsViewModel.swift */ = {isa = PBXFileReference; lastKnownFileType = sourcecode.swift; path = UserDetailsViewModel.swift; sourceTree = "<group>"; };
		F08F18C724786397005AA11A /* GithubSearcher.app */ = {isa = PBXFileReference; explicitFileType = wrapper.application; includeInIndex = 0; path = GithubSearcher.app; sourceTree = BUILT_PRODUCTS_DIR; };
		F08F18CA24786397005AA11A /* AppDelegate.swift */ = {isa = PBXFileReference; lastKnownFileType = sourcecode.swift; path = AppDelegate.swift; sourceTree = "<group>"; };
		F08F18D324786399005AA11A /* Assets.xcassets */ = {isa = PBXFileReference; lastKnownFileType = folder.assetcatalog; path = Assets.xcassets; sourceTree = "<group>"; };
		F08F18D624786399005AA11A /* Base */ = {isa = PBXFileReference; lastKnownFileType = file.storyboard; name = Base; path = Base.lproj/LaunchScreen.storyboard; sourceTree = "<group>"; };
		F08F18D824786399005AA11A /* Info.plist */ = {isa = PBXFileReference; lastKnownFileType = text.plist.xml; path = Info.plist; sourceTree = "<group>"; };
		F0FFCD4D2479A41B00FB8ECF /* UsersResponse.swift */ = {isa = PBXFileReference; lastKnownFileType = sourcecode.swift; path = UsersResponse.swift; sourceTree = "<group>"; };
		F0FFCD4F2479AD1800FB8ECF /* User.swift */ = {isa = PBXFileReference; lastKnownFileType = sourcecode.swift; path = User.swift; sourceTree = "<group>"; };
		F0FFCD512479AD2600FB8ECF /* UserDetails.swift */ = {isa = PBXFileReference; lastKnownFileType = sourcecode.swift; path = UserDetails.swift; sourceTree = "<group>"; };
		F0FFCD532479AF0C00FB8ECF /* UsersResponse.json */ = {isa = PBXFileReference; fileEncoding = 4; lastKnownFileType = text.json; path = UsersResponse.json; sourceTree = "<group>"; };
		F0FFCD552479AF1200FB8ECF /* UserDetails.json */ = {isa = PBXFileReference; fileEncoding = 4; lastKnownFileType = text.json; path = UserDetails.json; sourceTree = "<group>"; };
		F0FFCD582479B0B800FB8ECF /* JSONUtil.swift */ = {isa = PBXFileReference; lastKnownFileType = sourcecode.swift; path = JSONUtil.swift; sourceTree = "<group>"; };
		F0FFCD5A2479C36A00FB8ECF /* UserSearchView.swift */ = {isa = PBXFileReference; lastKnownFileType = sourcecode.swift; path = UserSearchView.swift; sourceTree = "<group>"; };
		F0FFCD5C2479C95F00FB8ECF /* UserSearchViewModel.swift */ = {isa = PBXFileReference; lastKnownFileType = sourcecode.swift; path = UserSearchViewModel.swift; sourceTree = "<group>"; };
/* End PBXFileReference section */

/* Begin PBXFrameworksBuildPhase section */
		F08F18C424786397005AA11A /* Frameworks */ = {
			isa = PBXFrameworksBuildPhase;
			buildActionMask = 2147483647;
			files = (
			);
			runOnlyForDeploymentPostprocessing = 0;
		};
/* End PBXFrameworksBuildPhase section */

/* Begin PBXGroup section */
		F07840EE247ABBE400D46509 /* Extensions */ = {
			isa = PBXGroup;
			children = (
				F07840EF247ABBF700D46509 /* UIView+Ext.swift */,
			);
			path = Extensions;
			sourceTree = "<group>";
		};
		F07840F1247ADD4E00D46509 /* Cells */ = {
			isa = PBXGroup;
			children = (
				F07840F2247ADD8D00D46509 /* UserSearchTableCellView.swift */,
				F061F6DC247C018700C65616 /* RepositoryTableCellView.swift */,
			);
			path = Cells;
			sourceTree = "<group>";
		};
		F07840F6247B04B500D46509 /* Protocols */ = {
			isa = PBXGroup;
			children = (
				F07840F9247B04F900D46509 /* NetworkProtocol.swift */,
			);
			path = Protocols;
			sourceTree = "<group>";
		};
		F07840F7247B04BB00D46509 /* Managers */ = {
			isa = PBXGroup;
			children = (
				F07840FD247B062100D46509 /* NetworkManager.swift */,
			);
			path = Managers;
			sourceTree = "<group>";
		};
		F07840F8247B04C200D46509 /* Engines */ = {
			isa = PBXGroup;
			children = (
				F07840FB247B05EB00D46509 /* NetworkEngine.swift */,
			);
			path = Engines;
			sourceTree = "<group>";
		};
		F08F18BE24786397005AA11A = {
			isa = PBXGroup;
			children = (
				F08F18C924786397005AA11A /* GithubSearcher */,
				F08F18C824786397005AA11A /* Products */,
			);
			sourceTree = "<group>";
		};
		F08F18C824786397005AA11A /* Products */ = {
			isa = PBXGroup;
			children = (
				F08F18C724786397005AA11A /* GithubSearcher.app */,
			);
			name = Products;
			sourceTree = "<group>";
		};
		F08F18C924786397005AA11A /* GithubSearcher */ = {
			isa = PBXGroup;
			children = (
				F0FFCD572479AF2F00FB8ECF /* Utils */,
				F0FFCD4B2479959600FB8ECF /* Assets */,
				F0FFCD4A2479958C00FB8ECF /* Supporting Files */,
				F0FFCD4924798F6D00FB8ECF /* View Models */,
				F0FFCD4824798F6800FB8ECF /* Views */,
				F0FFCD4724798F5E00FB8ECF /* Models */,
				F08F18CA24786397005AA11A /* AppDelegate.swift */,
				F08F18D524786399005AA11A /* LaunchScreen.storyboard */,
			);
			path = GithubSearcher;
			sourceTree = "<group>";
		};
		F0FFCD4724798F5E00FB8ECF /* Models */ = {
			isa = PBXGroup;
			children = (
				F0FFCD4C2479980500FB8ECF /* Mocks */,
				F0FFCD4F2479AD1800FB8ECF /* User.swift */,
				F0FFCD4D2479A41B00FB8ECF /* UsersResponse.swift */,
				F0FFCD512479AD2600FB8ECF /* UserDetails.swift */,
				F061F6D8247BF7EF00C65616 /* UserRepository.swift */,
			);
			path = Models;
			sourceTree = "<group>";
		};
		F0FFCD4824798F6800FB8ECF /* Views */ = {
			isa = PBXGroup;
			children = (
				F07840F1247ADD4E00D46509 /* Cells */,
				F0FFCD5A2479C36A00FB8ECF /* UserSearchView.swift */,
				F07840FF247B42B200D46509 /* UserDetailsView.swift */,
			);
			path = Views;
			sourceTree = "<group>";
		};
		F0FFCD4924798F6D00FB8ECF /* View Models */ = {
			isa = PBXGroup;
			children = (
				F0FFCD5C2479C95F00FB8ECF /* UserSearchViewModel.swift */,
				F07840F4247AEDDB00D46509 /* UserCell.swift */,
				F0784101247B431E00D46509 /* UserDetailsViewModel.swift */,
				F061F6DE247C072A00C65616 /* RepositoryCell.swift */,
			);
			path = "View Models";
			sourceTree = "<group>";
		};
		F0FFCD4A2479958C00FB8ECF /* Supporting Files */ = {
			isa = PBXGroup;
			children = (
				F08F18D824786399005AA11A /* Info.plist */,
			);
			path = "Supporting Files";
			sourceTree = "<group>";
		};
		F0FFCD4B2479959600FB8ECF /* Assets */ = {
			isa = PBXGroup;
			children = (
				F08F18D324786399005AA11A /* Assets.xcassets */,
			);
			path = Assets;
			sourceTree = "<group>";
		};
		F0FFCD4C2479980500FB8ECF /* Mocks */ = {
			isa = PBXGroup;
			children = (
				F061F6DA247BFA2A00C65616 /* UserRepositories.json */,
				F0FFCD532479AF0C00FB8ECF /* UsersResponse.json */,
				F0FFCD552479AF1200FB8ECF /* UserDetails.json */,
			);
			path = Mocks;
			sourceTree = "<group>";
		};
		F0FFCD572479AF2F00FB8ECF /* Utils */ = {
			isa = PBXGroup;
			children = (
				F07840F8247B04C200D46509 /* Engines */,
				F07840F7247B04BB00D46509 /* Managers */,
				F07840F6247B04B500D46509 /* Protocols */,
				F07840EE247ABBE400D46509 /* Extensions */,
				F0FFCD582479B0B800FB8ECF /* JSONUtil.swift */,
			);
			path = Utils;
			sourceTree = "<group>";
		};
/* End PBXGroup section */

/* Begin PBXNativeTarget section */
		F08F18C624786397005AA11A /* GithubSearcher */ = {
			isa = PBXNativeTarget;
			buildConfigurationList = F08F18DB24786399005AA11A /* Build configuration list for PBXNativeTarget "GithubSearcher" */;
			buildPhases = (
				F08F18C324786397005AA11A /* Sources */,
				F08F18C424786397005AA11A /* Frameworks */,
				F08F18C524786397005AA11A /* Resources */,
			);
			buildRules = (
			);
			dependencies = (
			);
			name = GithubSearcher;
			productName = GithubSearcher;
			productReference = F08F18C724786397005AA11A /* GithubSearcher.app */;
			productType = "com.apple.product-type.application";
		};
/* End PBXNativeTarget section */

/* Begin PBXProject section */
		F08F18BF24786397005AA11A /* Project object */ = {
			isa = PBXProject;
			attributes = {
				LastSwiftUpdateCheck = 1140;
				LastUpgradeCheck = 1140;
				ORGANIZATIONNAME = "Hugo Flores Perez";
				TargetAttributes = {
					F08F18C624786397005AA11A = {
						CreatedOnToolsVersion = 11.4.1;
					};
				};
			};
			buildConfigurationList = F08F18C224786397005AA11A /* Build configuration list for PBXProject "GithubSearcher" */;
			compatibilityVersion = "Xcode 9.3";
			developmentRegion = en;
			hasScannedForEncodings = 0;
			knownRegions = (
				en,
				Base,
			);
			mainGroup = F08F18BE24786397005AA11A;
			productRefGroup = F08F18C824786397005AA11A /* Products */;
			projectDirPath = "";
			projectRoot = "";
			targets = (
				F08F18C624786397005AA11A /* GithubSearcher */,
			);
		};
/* End PBXProject section */

/* Begin PBXResourcesBuildPhase section */
		F08F18C524786397005AA11A /* Resources */ = {
			isa = PBXResourcesBuildPhase;
			buildActionMask = 2147483647;
			files = (
				F061F6DB247BFA2A00C65616 /* UserRepositories.json in Resources */,
				F08F18D724786399005AA11A /* LaunchScreen.storyboard in Resources */,
				F0FFCD562479AF1200FB8ECF /* UserDetails.json in Resources */,
				F08F18D424786399005AA11A /* Assets.xcassets in Resources */,
				F0FFCD542479AF0C00FB8ECF /* UsersResponse.json in Resources */,
			);
			runOnlyForDeploymentPostprocessing = 0;
		};
/* End PBXResourcesBuildPhase section */

/* Begin PBXSourcesBuildPhase section */
		F08F18C324786397005AA11A /* Sources */ = {
			isa = PBXSourcesBuildPhase;
			buildActionMask = 2147483647;
			files = (
				F0784100247B42B200D46509 /* UserDetailsView.swift in Sources */,
				F07840F3247ADD8D00D46509 /* UserSearchTableCellView.swift in Sources */,
				F07840F0247ABBF700D46509 /* UIView+Ext.swift in Sources */,
				F07840FC247B05EB00D46509 /* NetworkEngine.swift in Sources */,
				F07840FE247B062100D46509 /* NetworkManager.swift in Sources */,
				F0FFCD502479AD1800FB8ECF /* User.swift in Sources */,
				F0FFCD4E2479A41B00FB8ECF /* UsersResponse.swift in Sources */,
				F0FFCD592479B0B800FB8ECF /* JSONUtil.swift in Sources */,
				F08F18CB24786397005AA11A /* AppDelegate.swift in Sources */,
				F061F6DF247C072A00C65616 /* RepositoryCell.swift in Sources */,
				F0FFCD5D2479C95F00FB8ECF /* UserSearchViewModel.swift in Sources */,
				F0FFCD5B2479C36A00FB8ECF /* UserSearchView.swift in Sources */,
				F0784102247B431E00D46509 /* UserDetailsViewModel.swift in Sources */,
				F07840FA247B04F900D46509 /* NetworkProtocol.swift in Sources */,
				F07840F5247AEDDB00D46509 /* UserCell.swift in Sources */,
				F061F6D9247BF7EF00C65616 /* UserRepository.swift in Sources */,
				F0FFCD522479AD2600FB8ECF /* UserDetails.swift in Sources */,
				F061F6DD247C018700C65616 /* RepositoryTableCellView.swift in Sources */,
			);
			runOnlyForDeploymentPostprocessing = 0;
		};
/* End PBXSourcesBuildPhase section */

/* Begin PBXVariantGroup section */
		F08F18D524786399005AA11A /* LaunchScreen.storyboard */ = {
			isa = PBXVariantGroup;
			children = (
				F08F18D624786399005AA11A /* Base */,
			);
			name = LaunchScreen.storyboard;
			sourceTree = "<group>";
		};
/* End PBXVariantGroup section */

/* Begin XCBuildConfiguration section */
		F08F18D924786399005AA11A /* Debug */ = {
			isa = XCBuildConfiguration;
			buildSettings = {
				ALWAYS_SEARCH_USER_PATHS = NO;
				CLANG_ANALYZER_NONNULL = YES;
				CLANG_ANALYZER_NUMBER_OBJECT_CONVERSION = YES_AGGRESSIVE;
				CLANG_CXX_LANGUAGE_STANDARD = "gnu++14";
				CLANG_CXX_LIBRARY = "libc++";
				CLANG_ENABLE_MODULES = YES;
				CLANG_ENABLE_OBJC_ARC = YES;
				CLANG_ENABLE_OBJC_WEAK = YES;
				CLANG_WARN_BLOCK_CAPTURE_AUTORELEASING = YES;
				CLANG_WARN_BOOL_CONVERSION = YES;
				CLANG_WARN_COMMA = YES;
				CLANG_WARN_CONSTANT_CONVERSION = YES;
				CLANG_WARN_DEPRECATED_OBJC_IMPLEMENTATIONS = YES;
				CLANG_WARN_DIRECT_OBJC_ISA_USAGE = YES_ERROR;
				CLANG_WARN_DOCUMENTATION_COMMENTS = YES;
				CLANG_WARN_EMPTY_BODY = YES;
				CLANG_WARN_ENUM_CONVERSION = YES;
				CLANG_WARN_INFINITE_RECURSION = YES;
				CLANG_WARN_INT_CONVERSION = YES;
				CLANG_WARN_NON_LITERAL_NULL_CONVERSION = YES;
				CLANG_WARN_OBJC_IMPLICIT_RETAIN_SELF = YES;
				CLANG_WARN_OBJC_LITERAL_CONVERSION = YES;
				CLANG_WARN_OBJC_ROOT_CLASS = YES_ERROR;
				CLANG_WARN_RANGE_LOOP_ANALYSIS = YES;
				CLANG_WARN_STRICT_PROTOTYPES = YES;
				CLANG_WARN_SUSPICIOUS_MOVE = YES;
				CLANG_WARN_UNGUARDED_AVAILABILITY = YES_AGGRESSIVE;
				CLANG_WARN_UNREACHABLE_CODE = YES;
				CLANG_WARN__DUPLICATE_METHOD_MATCH = YES;
				COPY_PHASE_STRIP = NO;
				DEBUG_INFORMATION_FORMAT = dwarf;
				ENABLE_STRICT_OBJC_MSGSEND = YES;
				ENABLE_TESTABILITY = YES;
				GCC_C_LANGUAGE_STANDARD = gnu11;
				GCC_DYNAMIC_NO_PIC = NO;
				GCC_NO_COMMON_BLOCKS = YES;
				GCC_OPTIMIZATION_LEVEL = 0;
				GCC_PREPROCESSOR_DEFINITIONS = (
					"DEBUG=1",
					"$(inherited)",
				);
				GCC_WARN_64_TO_32_BIT_CONVERSION = YES;
				GCC_WARN_ABOUT_RETURN_TYPE = YES_ERROR;
				GCC_WARN_UNDECLARED_SELECTOR = YES;
				GCC_WARN_UNINITIALIZED_AUTOS = YES_AGGRESSIVE;
				GCC_WARN_UNUSED_FUNCTION = YES;
				GCC_WARN_UNUSED_VARIABLE = YES;
				IPHONEOS_DEPLOYMENT_TARGET = 13.4;
				MTL_ENABLE_DEBUG_INFO = INCLUDE_SOURCE;
				MTL_FAST_MATH = YES;
				ONLY_ACTIVE_ARCH = YES;
				SDKROOT = iphoneos;
				SWIFT_ACTIVE_COMPILATION_CONDITIONS = DEBUG;
				SWIFT_OPTIMIZATION_LEVEL = "-Onone";
			};
			name = Debug;
		};
		F08F18DA24786399005AA11A /* Release */ = {
			isa = XCBuildConfiguration;
			buildSettings = {
				ALWAYS_SEARCH_USER_PATHS = NO;
				CLANG_ANALYZER_NONNULL = YES;
				CLANG_ANALYZER_NUMBER_OBJECT_CONVERSION = YES_AGGRESSIVE;
				CLANG_CXX_LANGUAGE_STANDARD = "gnu++14";
				CLANG_CXX_LIBRARY = "libc++";
				CLANG_ENABLE_MODULES = YES;
				CLANG_ENABLE_OBJC_ARC = YES;
				CLANG_ENABLE_OBJC_WEAK = YES;
				CLANG_WARN_BLOCK_CAPTURE_AUTORELEASING = YES;
				CLANG_WARN_BOOL_CONVERSION = YES;
				CLANG_WARN_COMMA = YES;
				CLANG_WARN_CONSTANT_CONVERSION = YES;
				CLANG_WARN_DEPRECATED_OBJC_IMPLEMENTATIONS = YES;
				CLANG_WARN_DIRECT_OBJC_ISA_USAGE = YES_ERROR;
				CLANG_WARN_DOCUMENTATION_COMMENTS = YES;
				CLANG_WARN_EMPTY_BODY = YES;
				CLANG_WARN_ENUM_CONVERSION = YES;
				CLANG_WARN_INFINITE_RECURSION = YES;
				CLANG_WARN_INT_CONVERSION = YES;
				CLANG_WARN_NON_LITERAL_NULL_CONVERSION = YES;
				CLANG_WARN_OBJC_IMPLICIT_RETAIN_SELF = YES;
				CLANG_WARN_OBJC_LITERAL_CONVERSION = YES;
				CLANG_WARN_OBJC_ROOT_CLASS = YES_ERROR;
				CLANG_WARN_RANGE_LOOP_ANALYSIS = YES;
				CLANG_WARN_STRICT_PROTOTYPES = YES;
				CLANG_WARN_SUSPICIOUS_MOVE = YES;
				CLANG_WARN_UNGUARDED_AVAILABILITY = YES_AGGRESSIVE;
				CLANG_WARN_UNREACHABLE_CODE = YES;
				CLANG_WARN__DUPLICATE_METHOD_MATCH = YES;
				COPY_PHASE_STRIP = NO;
				DEBUG_INFORMATION_FORMAT = "dwarf-with-dsym";
				ENABLE_NS_ASSERTIONS = NO;
				ENABLE_STRICT_OBJC_MSGSEND = YES;
				GCC_C_LANGUAGE_STANDARD = gnu11;
				GCC_NO_COMMON_BLOCKS = YES;
				GCC_WARN_64_TO_32_BIT_CONVERSION = YES;
				GCC_WARN_ABOUT_RETURN_TYPE = YES_ERROR;
				GCC_WARN_UNDECLARED_SELECTOR = YES;
				GCC_WARN_UNINITIALIZED_AUTOS = YES_AGGRESSIVE;
				GCC_WARN_UNUSED_FUNCTION = YES;
				GCC_WARN_UNUSED_VARIABLE = YES;
				IPHONEOS_DEPLOYMENT_TARGET = 13.4;
				MTL_ENABLE_DEBUG_INFO = NO;
				MTL_FAST_MATH = YES;
				SDKROOT = iphoneos;
				SWIFT_COMPILATION_MODE = wholemodule;
				SWIFT_OPTIMIZATION_LEVEL = "-O";
				VALIDATE_PRODUCT = YES;
			};
			name = Release;
		};
		F08F18DC24786399005AA11A /* Debug */ = {
			isa = XCBuildConfiguration;
			buildSettings = {
				ASSETCATALOG_COMPILER_APPICON_NAME = AppIcon;
				CODE_SIGN_STYLE = Automatic;
				DEVELOPMENT_TEAM = 8X56N3V6C4;
				INFOPLIST_FILE = "GithubSearcher/Supporting Files/Info.plist";
				IPHONEOS_DEPLOYMENT_TARGET = 13.0;
				LD_RUNPATH_SEARCH_PATHS = (
					"$(inherited)",
					"@executable_path/Frameworks",
				);
				PRODUCT_BUNDLE_IDENTIFIER = com.hfp.GithubSearcher;
				PRODUCT_NAME = "$(TARGET_NAME)";
				SWIFT_VERSION = 5.0;
				TARGETED_DEVICE_FAMILY = "1,2";
			};
			name = Debug;
		};
		F08F18DD24786399005AA11A /* Release */ = {
			isa = XCBuildConfiguration;
			buildSettings = {
				ASSETCATALOG_COMPILER_APPICON_NAME = AppIcon;
				CODE_SIGN_STYLE = Automatic;
				DEVELOPMENT_TEAM = 8X56N3V6C4;
				INFOPLIST_FILE = "GithubSearcher/Supporting Files/Info.plist";
				IPHONEOS_DEPLOYMENT_TARGET = 13.0;
				LD_RUNPATH_SEARCH_PATHS = (
					"$(inherited)",
					"@executable_path/Frameworks",
				);
				PRODUCT_BUNDLE_IDENTIFIER = com.hfp.GithubSearcher;
				PRODUCT_NAME = "$(TARGET_NAME)";
				SWIFT_VERSION = 5.0;
				TARGETED_DEVICE_FAMILY = "1,2";
			};
			name = Release;
		};
/* End XCBuildConfiguration section */

/* Begin XCConfigurationList section */
		F08F18C224786397005AA11A /* Build configuration list for PBXProject "GithubSearcher" */ = {
			isa = XCConfigurationList;
			buildConfigurations = (
				F08F18D924786399005AA11A /* Debug */,
				F08F18DA24786399005AA11A /* Release */,
			);
			defaultConfigurationIsVisible = 0;
			defaultConfigurationName = Release;
		};
		F08F18DB24786399005AA11A /* Build configuration list for PBXNativeTarget "GithubSearcher" */ = {
			isa = XCConfigurationList;
			buildConfigurations = (
				F08F18DC24786399005AA11A /* Debug */,
				F08F18DD24786399005AA11A /* Release */,
			);
			defaultConfigurationIsVisible = 0;
			defaultConfigurationName = Release;
		};
/* End XCConfigurationList section */
	};
	rootObject = F08F18BF24786397005AA11A /* Project object */;
}
